
Microsoft Visual Studio Solution File, Format Version 12.00
# Visual Studio Version 17
VisualStudioVersion = 17.3.32804.467
MinimumVisualStudioVersion = 10.0.40219.1
Project("{FAE04EC0-301F-11D3-BF4B-00C04F79EFBC}") = "Minesweeper.Logic", "Minesweeper.Logic\Minesweeper.Logic.csproj", "{82AF0014-0CBD-401B-92DC-652E00C29BF1}"
EndProject
Project("{FAE04EC0-301F-11D3-BF4B-00C04F79EFBC}") = "Minesweeper.UI", "Minesweeper.UI\Minesweeper.UI.csproj", "{34059DE5-415D-4B46-A890-00A607458D9D}"
EndProject
Global
	GlobalSection(SolutionConfigurationPlatforms) = preSolution
		Debug|Any CPU = Debug|Any CPU
		Release|Any CPU = Release|Any CPU
	EndGlobalSection
	GlobalSection(ProjectConfigurationPlatforms) = postSolution
		{82AF0014-0CBD-401B-92DC-652E00C29BF1}.Debug|Any CPU.ActiveCfg = Debug|Any CPU
		{82AF0014-0CBD-401B-92DC-652E00C29BF1}.Debug|Any CPU.Build.0 = Debug|Any CPU
		{82AF0014-0CBD-401B-92DC-652E00C29BF1}.Release|Any CPU.ActiveCfg = Release|Any CPU
		{82AF0014-0CBD-401B-92DC-652E00C29BF1}.Release|Any CPU.Build.0 = Release|Any CPU
		{34059DE5-415D-4B46-A890-00A607458D9D}.Debug|Any CPU.ActiveCfg = Debug|Any CPU
		{34059DE5-415D-4B46-A890-00A607458D9D}.Debug|Any CPU.Build.0 = Debug|Any CPU
		{34059DE5-415D-4B46-A890-00A607458D9D}.Release|Any CPU.ActiveCfg = Release|Any CPU
		{34059DE5-415D-4B46-A890-00A607458D9D}.Release|Any CPU.Build.0 = Release|Any CPU
	EndGlobalSection
	GlobalSection(SolutionProperties) = preSolution
		HideSolutionNode = FALSE
	EndGlobalSection
	GlobalSection(ExtensibilityGlobals) = postSolution
		SolutionGuid = {7D03031B-4C08-4B61-9EA9-0A69D30F7213}
	EndGlobalSection
EndGlobal
